
Microsoft Visual Studio Solution File, Format Version 12.00
# Visual Studio Version 17
VisualStudioVersion = 17.10.35013.160
MinimumVisualStudioVersion = 10.0.40219.1
Project("{FAE04EC0-301F-11D3-BF4B-00C04F79EFBC}") = "EmployeeManagementApp", "EmployeeManagementApp\EmployeeManagementApp.csproj", "{C689F099-A2DB-47FA-B632-FD69168D601C}"
EndProject
Global
	GlobalSection(SolutionConfigurationPlatforms) = preSolution
		Debug|Any CPU = Debug|Any CPU
		Release|Any CPU = Release|Any CPU
	EndGlobalSection
	GlobalSection(ProjectConfigurationPlatforms) = postSolution
		{C689F099-A2DB-47FA-B632-FD69168D601C}.Debug|Any CPU.ActiveCfg = Debug|Any CPU
		{C689F099-A2DB-47FA-B632-FD69168D601C}.Debug|Any CPU.Build.0 = Debug|Any CPU
		{C689F099-A2DB-47FA-B632-FD69168D601C}.Release|Any CPU.ActiveCfg = Release|Any CPU
		{C689F099-A2DB-47FA-B632-FD69168D601C}.Release|Any CPU.Build.0 = Release|Any CPU
	EndGlobalSection
	GlobalSection(SolutionProperties) = preSolution
		HideSolutionNode = FALSE
	EndGlobalSection
	GlobalSection(ExtensibilityGlobals) = postSolution
		SolutionGuid = {F21F4B6F-7086-4C90-8863-149C175F5D99}
	EndGlobalSection
EndGlobal
